lockfileVersion: '9.0'

settings:
  autoInstallPeers: true
  excludeLinksFromLockfile: false

importers:

  .:
    devDependencies:
      tsdown:
        specifier: 0.23.0
        version: 0.23.0(typescript@5.9.3)
      typescript:
        specifier: ^5.9.3
        version: 5.9.3

packages:

  '@oxc-project/types@0.152.0':
    resolution: {integrity: sha512-oM/5rLBm2tPkg0iBgkH/FOeR3PCDpY19GTgAZjMFM8h9WI9VW7cLgzp6nwtarYKmovavIQZ+Fe/RKX/8C8O/Rw==}

  '@quansync/fs@1.1.0':
    resolution: {integrity: sha512-qAPG/t3HqML1TlN7sY/pTbEjzFVAKsMjNNMGheyDosro+kT4iw2KCUoHcVdmliwWjorm4elZbgNQyU2eD97eDg==}

  '@rolldown/binding-android-arm-eabi@1.2.12':
    resolution: {integrity: sha512-dB/a1214qKfHMXCpgqR4OZT+jS4kTyEXbQGJPqzobt5EwH5rX080pxE37alt3RzvR1bf1Yz/yGqRfrYAxuPw0A==}
    engines: {node: ^20.19.0 || >=22.12.0}
    cpu: [arm]
    os: [android]

  '@rolldown/binding-android-arm64@1.2.12':
    resolution: {integrity: sha512-7KHFgQ5VJxIHcLlrwrc3Xbds7oTNQT7Pgi9gQCJKrd2VGab/UksIOYp6VD8MzCstGxOKMgNamPwUCfxPdP1OHg==}
    engines: {node: ^20.19.0 || >=22.12.0}
    cpu: [arm64]
    os: [android]

  '@rolldown/binding-darwin-arm64@1.2.12':
    resolution: {integrity: sha512-3YIhqHD96nA5SaYNRBR16HnGv4oavZvXfD/ayHM+oYZ0WD/8lBAtf6zQua4kEyAvpqrluKXl0lnOBoiNby7x9w==}
    engines: {node: ^20.19.0 || >=22.12.0}
    cpu: [arm64]
    os: [darwin]

  '@rolldown/binding-darwin-x64@1.2.12':
    resolution: {integrity: sha512-UuuJ35MFw4gmFOrE9pEqIV+K3syIKveph+Qc1/ljHZVdoDW4pz/JHR/eMVom+TZGl/5OOvGJOWaOCVt3ZfqhxA==}
    engines: {node: ^20.19.0 || >=22.12.0}
    cpu: [x64]
    os: [darwin]

  '@rolldown/binding-freebsd-x64@1.2.12':
    resolution: {integrity: sha512-uMvssit0a4W+/7D8CbHUvG719mH3R2jwXAlh/XcPvuHTE0g++LymF88DCGNX0HM2rBOn0xrzgXktIB6fLSJBTQ==}
    engines: {node: ^20.19.0 || >=22.12.0}
    cpu: [x64]
    os: [freebsd]

  '@rolldown/binding-linux-arm-gnueabihf@1.2.12':
    resolution: {integrity: sha512-XcFu0R0xWnwzSf4IQgFH1rJIckPN1pLy2R+4r9IDB7Yfu/ys9cVqfa4pBrMHj7a3gl8mIR4nRNPg0e5IvEVs6g==}
    engines: {node: ^20.19.0 || >=22.12.0}
    cpu: [arm]
    os: [linux]

  '@rolldown/binding-linux-arm64-gnu@1.2.12':
    resolution: {integrity: sha512-260UrKgn8tz39ak+SMDOirKzr7V04M9dWPw5llW00SwBivCZoWcRBKV1d8cXnRkUmSZA3BdiUmBHWk7734Ulpw==}
    engines: {node: ^20.19.0 || >=22.12.0}
    cpu: [arm64]
    os: [linux]
    libc: [glibc]

  '@rolldown/binding-linux-arm64-musl@1.2.12':
    resolution: {integrity: sha512-5YK1I9SqDkbPgc1IA8BgDl34suqUS2q0KWnBrirm0E51YjOs6eo6dV6jbQfNE/argHRSvd0QUGgtpIoYx+WWpw==}
    engines: {node: ^20.19.0 || >=22.12.0}
    cpu: [arm64]
    os: [linux]
    libc: [musl]

  '@rolldown/binding-linux-ppc64-gnu@1.2.12':
    resolution: {integrity: sha512-Rkcrmp7eFRg74yL5fXEU91JEWbdEPLevWwGtXpmhbjlD1StScbWTmO94Bhly+Mo+ketKYkdmM1vNUKeWSlx8cQ==}
    engines: {node: ^20.19.0 || >=22.12.0}
    cpu: [ppc64]
    os: [linux]
    libc: [glibc]

  '@rolldown/binding-linux-s390x-gnu@1.2.12':
    resolution: {integrity: sha512-qvK4DuAsQc2BSjlx+Xr+IzOIvvxbGZqxFwdWfG6F518Erj0GGISyQbJ6pIappnOxlNPzNHvo/L0BwB30GZ+zVw==}
    engines: {node: ^20.19.0 || >=22.12.0}
    cpu: [s390x]
    os: [linux]
    libc: [glibc]

  '@rolldown/binding-linux-x64-gnu@1.2.12':
    resolution: {integrity: sha512-Q9uLBO53Xd4QIq1WOycVQyPP1O4HhraEV2qqb3uTrnVw6QZih9duY4vNXOivL1xoUS1/z+W8eF4NMfl2a8Sdjw==}
    engines: {node: ^20.19.0 || >=22.12.0}
    cpu: [x64]
    os: [linux]
    libc: [glibc]

  '@rolldown/binding-linux-x64-musl@1.2.12':
    resolution: {integrity: sha512-3IBxWFMjbOZskDPKv8Lf9BCnahlKuHthWkYnyIxOH/QcJrFcS4EmcenthApkwr/5+nEqZlLzeYbxeMaX7A5u4g==}
    engines: {node: ^20.19.0 || >=22.12.0}
    cpu: [x64]
    os: [linux]
    libc: [musl]

  '@rolldown/binding-openharmony-arm64@1.2.12':
    resolution: {integrity: sha512-xtX61xg4LKPkPWilZU1ynKClz5Gj4bf74LML4r3eVLWumKnGjoEr1OSHQhMdbBDoYTi+yjrujvpZe2pUnqCrrA==}
    engines: {node: ^20.19.0 || >=22.12.0}
    cpu: [arm64]
    os: [openharmony]

  '@rolldown/binding-win32-arm64-msvc@1.2.12':
    resolution: {integrity: sha512-At7fPB6PCaIjzgIhEZFxuT+BBFqiQibJDT4d3PhiR3f4E7bbMZF4aKblbFfEM3sETRDd1YiQx/+U/g/B/ou5Ew==}
    engines: {node: ^20.19.0 || >=22.12.0}
    cpu: [arm64]
    os: [win32]

  '@rolldown/binding-win32-x64-msvc@1.2.12':
    resolution: {integrity: sha512-WIw2haVKwjuYdXkHaoC0mF8Le71TuCBxjrdKqLbJGctbBABj+ClfmNvtbOnzpq3RokNo5+V1qhtSzJyXorsklQ==}
    engines: {node: ^20.19.0 || >=22.12.0}
    cpu: [x64]
    os: [win32]

  '@rolldown/pluginutils@1.0.1':
    resolution: {integrity: sha512-2j9bGt5Jh8hj+vPtgzPtl72j0yRxHAyumoo6TNfAjsLB04UtpSvPbPcDcBMxz7n+9CYB0c1GxQFxYRg2jimqGw==}

  '@yuku-codegen/binding-android-arm64@0.10.2':
    resolution: {integrity: sha512-Oc2KInVkPfUjEB4PeV6X0NvIoyYTzDe/WmqFrTwBqKs6YKnz4A7XwWQvJTb7M0rLz9a6WgpUUiiS5QKaCi4O/g==}
    cpu: [arm64]
    os: [android]
    deprecated: yuku-codegen is pure JavaScript since 0.14

  '@yuku-codegen/binding-darwin-arm64@0.10.2':
    resolution: {integrity: sha512-3H7eNPIHJndUJXZ4QUGBPq1zC6RGcUZfm7bymJes+/N7wTVWUn1bxZ9JcozYHpkWQNm9f23G8YWbaHD9aYH72A==}
    cpu: [arm64]
    os: [darwin]
    deprecated: yuku-codegen is pure JavaScript since 0.14

  '@yuku-codegen/binding-darwin-x64@0.10.2':
    resolution: {integrity: sha512-AJOUpR2s3LF9AWiiub/Uyc/UoXNTWcq8hK3cVI6fUSXtwh34dG21J6hRuNlO6JVJFTo4o3ScVvZOrh/YFfUEAA==}
    cpu: [x64]
    os: [darwin]
    deprecated: yuku-codegen is pure JavaScript since 0.14

  '@yuku-codegen/binding-freebsd-x64@0.10.2':
    resolution: {integrity: sha512-ms7DcZu87u5CiK/wMwvpKAvAmtaqKjCQIXNweMLypG6qbuiaOMQf1jpbB5+j46xBcgCovo8TQMcv0bCQLKIL9w==}
    cpu: [x64]
    os: [freebsd]
    deprecated: yuku-codegen is pure JavaScript since 0.14

  '@yuku-codegen/binding-linux-arm-gnu@0.10.2':
    resolution: {integrity: sha512-xJDpYAsKV5+eaiBhTYl05fvT6sst4PsCeuIFMRu9b0/WCSrNQPfCDtAQ5/MS6xNpsdujdZEPR+gmfWk3ZG5i3A==}
    cpu: [arm]
    os: [linux]
    libc: [glibc]
    deprecated: yuku-codegen is pure JavaScript since 0.14

  '@yuku-codegen/binding-linux-arm-musl@0.10.2':
    resolution: {integrity: sha512-qfTkgd7AEx61l4K9VtXWCGTxc/fmXJ4ZheDz3i+/AAJUtg4sa0bPrc0VBxPggB/rayR8Z3+JfrBItuyanBJJ9Q==}
    cpu: [arm]
    os: [linux]
    libc: [musl]
    deprecated: yuku-codegen is pure JavaScript since 0.14

  '@yuku-codegen/binding-linux-arm64-gnu@0.10.2':
    resolution: {integrity: sha512-4e6Mifm/4UdjtU3D8mATIrvgP+xEiH8xtQOjd0zpd72XKWT7ug3sdyhq2utkkZFP6BvYp7SgZrI+aR4VeIOHdw==}
    cpu: [arm64]
    os: [linux]
    libc: [glibc]
    deprecated: yuku-codegen is pure JavaScript since 0.14

  '@yuku-codegen/binding-linux-arm64-musl@0.10.2':
    resolution: {integrity: sha512-RdsJrUfDYFVV3JOmWFUWwSu31fa1APn12xDeIKxgl/YWxrabwtxsDBNjF2561c7tmcbiewdCUvngqRs8AyGVLA==}
    cpu: [arm64]
    os: [linux]
    libc: [musl]
    deprecated: yuku-codegen is pure JavaScript since 0.14

  '@yuku-codegen/binding-linux-x64-gnu@0.10.2':
    resolution: {integrity: sha512-mVzWimEPPreaPyXIUvxsHoJzvO7ckZ5j0LgQFHz04zQIRwt9A9T2hA7K5/jYjJKkMxWG/U2VjhGNwVhtyU+uqg==}
    cpu: [x64]
    os: [linux]
    libc: [glibc]
    deprecated: yuku-codegen is pure JavaScript since 0.14

  '@yuku-codegen/binding-linux-x64-musl@0.10.2':
    resolution: {integrity: sha512-Y77fyISurmr2mvO1yeq3u+x/WJbACgPR4w+lzEVx30ViCxZzIGrZPRN1yEdZ9xUNPNsIO5thBHIdRNG+UGUG+Q==}
    cpu: [x64]
    os: [linux]
    libc: [musl]
    deprecated: yuku-codegen is pure JavaScript since 0.14

  '@yuku-codegen/binding-win32-arm64@0.10.2':
    resolution: {integrity: sha512-1+tGLyG0u5YYy0lev4ck7/0sd8xJ9SZde0dLut7qLDPZV5WVTV8x6OxNXUne/PGuHZyO1vK+txPQzzHOyXHGSw==}
    cpu: [arm64]
    os: [win32]
    deprecated: yuku-codegen is pure JavaScript since 0.14

  '@yuku-codegen/binding-win32-x64@0.10.2':
    resolution: {integrity: sha512-8a2SExRohRbwC0MY4VpOF0/RSckrJ2ASZqAor5/RYSJJaeadR93n10gZzcKT6pY9ukiSOIZCRKVRD2tH73T0qA==}
    cpu: [x64]
    os: [win32]
    deprecated: yuku-codegen is pure JavaScript since 0.14

  '@yuku-parser/binding-android-arm64@0.10.2':
    resolution: {integrity: sha512-2VPBU9fRGRAQ2xPAvghnec3oou5Nrxm2Bezhf+13UMspAxQSkF/32r+ySKXSwIPA5/RivumDJDxAxc301Sgicw==}
    cpu: [arm64]
    os: [android]
    deprecated: yuku-parser runs on yuku-core since 0.14

  '@yuku-parser/binding-darwin-arm64@0.10.2':
    resolution: {integrity: sha512-LD+PMZE51tCYTOss5HBkm3/AE39MvcMDBfWJx7A4yDcjfNbAQDnHZKtzSOuqrswx+TQHY0ws5xn6+fWOwtmfBA==}
    cpu: [arm64]
    os: [darwin]
    deprecated: yuku-parser runs on yuku-core since 0.14

  '@yuku-parser/binding-darwin-x64@0.10.2':
    resolution: {integrity: sha512-mmZ8cND+AoIIMRERyMinlg5ApHxP23B9jH2B5wT7T+dliPa9rubLxneB/SUjFwyUjGaFnB5G7t4YvpfbO5zbkQ==}
    cpu: [x64]
    os: [darwin]
    deprecated: yuku-parser runs on yuku-core since 0.14

  '@yuku-parser/binding-freebsd-x64@0.10.2':
    resolution: {integrity: sha512-gVIjaaIddbRfAhHlC8N809wQWml7mxfSVnzaLtzGXObTeFTPAg/YVnQXt1UOhPM1ah5eG/8Y0RUlNpB4GVe7eQ==}
    cpu: [x64]
    os: [freebsd]
    deprecated: yuku-parser runs on yuku-core since 0.14

  '@yuku-parser/binding-linux-arm-gnu@0.10.2':
    resolution: {integrity: sha512-q/XPPQQAPdlw05aPj30ygBhekmQryGOwxVraBgApjKK8yY1kNQgqq6XCYLF1WHSee+lhxclrTO7W0/bt7dR1GA==}
    cpu: [arm]
    os: [linux]
    libc: [glibc]
    deprecated: yuku-parser runs on yuku-core since 0.14

  '@yuku-parser/binding-linux-arm-musl@0.10.2':
    resolution: {integrity: sha512-A+Cb0I1hFF4wilTQpWs79k1aNnj4B2tkrHx3zsuUNF9BtVY2zPZ4yeQEM/zjXrS/qJlNMZVK9NrWJjwdpnTrfg==}
    cpu: [arm]
    os: [linux]
    libc: [musl]
    deprecated: yuku-parser runs on yuku-core since 0.14

  '@yuku-parser/binding-linux-arm64-gnu@0.10.2':
    resolution: {integrity: sha512-aGNSzqIqqphFwAdIFwVvKIyXD1Iy3CxrEJVIZAT87Ecyi4vCmmDD2v2l9h+Gd3/wSy3JZlOI792LJbKAjyy9rQ==}
    cpu: [arm64]
    os: [linux]
    libc: [glibc]
    deprecated: yuku-parser runs on yuku-core since 0.14

  '@yuku-parser/binding-linux-arm64-musl@0.10.2':
    resolution: {integrity: sha512-Ddl1sF0rtuCXyHGSOV6dcmdx+ETv1iD+IVFqQuOjzkJZWclxJxdBWX6ZJMRtTiGqGUTbqLEKiTXxpR/Bvqk+2A==}
    cpu: [arm64]
    os: [linux]
    libc: [musl]
    deprecated: yuku-parser runs on yuku-core since 0.14

  '@yuku-parser/binding-linux-x64-gnu@0.10.2':
    resolution: {integrity: sha512-/nlcpR6IF5U+0m5L9wvAIXeQa2DT+BXuvqKDsTcOTlcc0B4dHNyqE5hTXsS4hAyimpy2ZK8A1zMNF5hTrjg2cg==}
    cpu: [x64]
    os: [linux]
    libc: [glibc]
    deprecated: yuku-parser runs on yuku-core since 0.14

  '@yuku-parser/binding-linux-x64-musl@0.10.2':
    resolution: {integrity: sha512-GX80dxTQD/M/OryyuxJcFzFENzry3cDFPvCFTyWogNWQH3fSHfMrNfpwpl1YzMos1eV9NygK5GSDG7VArQlb4w==}
    cpu: [x64]
    os: [linux]
    libc: [musl]
    deprecated: yuku-parser runs on yuku-core since 0.14

  '@yuku-parser/binding-win32-arm64@0.10.2':
    resolution: {integrity: sha512-agePQBV4VHewiGU0ACSjscZ/hJd283f9JfAF19Gf1rI5+wy5tTgx4GS36i0b3xim15AQ4RCpDRosEvhLZ4zAOw==}
    cpu: [arm64]
    os: [win32]
    deprecated: yuku-parser runs on yuku-core since 0.14

  '@yuku-parser/binding-win32-x64@0.10.2':
    resolution: {integrity: sha512-s8//CMpgL5+y1lvDCdyh1rwGI5+ytDJywFJRe1vnhI7n0j+caxshNucurikYLLVeQ2SYFex6aPrzgQxkabBQRA==}
    cpu: [x64]
    os: [win32]
    deprecated: yuku-parser runs on yuku-core since 0.14

  '@yuku-toolchain/types@0.10.2':
    resolution: {integrity: sha512-sSeo4SSSToiS+sSD+bwn/s94EEcaLJ7tG5LCp8gFYC1G5VzxzX7fqB6m9RU1yMD8KTpu6zdU/I1NlQf8hVBJ9Q==}

  cac@7.0.0:
    resolution: {integrity: sha512-tixWYgm5ZoOD+3g6UTea91eow5z6AAHaho3g0V9CNSNb45gM8SmflpAc+GRd1InC4AqN/07Unrgp56Y94N9hJQ==}
    engines: {node: '>=20.19.0'}

  defu@6.1.7:
    resolution: {integrity: sha512-7z22QmUWiQ/2d0KkdYmANbRUVABpZ9SNYyH5vx6PZ+nE5bcC0l7uFvEfHlyld/HcGBFTL536ClDt3DEcSlEJAQ==}

  dts-resolver@3.0.0:
    resolution: {integrity: sha512-1T1f+z+4tl9XD+m+0HBgWoL/nm0bOIffyWaUuUSBlFg/86IWvfx+wjNaO/ybU0AJzG9/Mi5hBUgGV6zCmWEN7Q==}
    engines: {node: ^22.18.0 || >=24.0.0}
    peerDependencies:
      oxc-resolver: '>=11.0.0'
    peerDependenciesMeta:
      oxc-resolver:
        optional: true

  empathic@2.1.0:
    resolution: {integrity: sha512-AnfC1ATldl49/cvZdLPDjBfrRNwbDO05aibiOtzQu3qtlbJtomNLhF30HEtn/7iBz50dlMECqATo3fG0LrdEgw==}
    engines: {node: '>=14'}

  fdir@6.5.0:
    resolution: {integrity: sha512-tIbYtZbucOs0BRGqPJkshJUYdL+SDH7dVM8gjy+ERp3WAUjLEFJE+02kanyHtwjWOnwrKYBiwAmM0p4kLJAnXg==}
    engines: {node: '>=12.0.0'}
    peerDependencies:
      picomatch: ^3 || ^4
    peerDependenciesMeta:
      picomatch:
        optional: true

  get-tsconfig@5.0.0-beta.6:
    resolution: {integrity: sha512-X6fBC0pmImC70gvX2zm56go9hx0MyoGVdG0tUCkg/D+Xnh5TJsOZ7iDbOdI3PvmtrDxnu1YdDufpK2QJX1Meqw==}
    engines: {node: '>=20.20.0'}

  hookable@6.1.2:
    resolution: {integrity: sha512-+abwxtiEA52GCVIsQqut3S/uKTbUwYIp4Pe/vv+6py5XiXBCqMZHg6pA6Y5qhgLSEys0/cYuPbO0z1QFj5ZCmg==}

  import-without-cache@0.4.1:
    resolution: {integrity: sha512-vXoV9PjKHEednCUu01e98TkImxy67e3BJXbTIOmIq4Hyzw3IAwYRcuPkfeTzJzwyyts4kjuA73x+pWJLc4f86A==}
    engines: {node: ^22.18.0 || >=24.0.0}

  obug@2.2.1:
    resolution: {integrity: sha512-XrsrhT5sybtKI6wakr2SPOlGZWWYbUXZ7a0jT8/QOeAPau+1X/bSegNe5YR75oJmEZQbKningirmGOEJCIk61Q==}
    engines: {node: '>=12.20.0'}

  obug@3.0.0:
    resolution: {integrity: sha512-5vvB5+W7ePv+p3uqxi+RcW1XAzLW0/hxt3/4X4Lc4qHudzOhmBiBwOY6DRob4WnanAEGvNcLjF+KNOufrUoEQw==}
    engines: {node: '>=12.20.0'}

  picomatch@4.0.7:
    resolution: {integrity: sha512-qcJu88Q2IWqJsDD529JKMdwGm/dvInW4HvQnRwiH9JtihJvzGOscDtHE3x1pBKeUOTysQ8kVmLnJ2kJu7yhcGA==}
    engines: {node: '>=12'}

  quansync@1.0.0:
    resolution: {integrity: sha512-5xZacEEufv3HSTPQuchrvV6soaiACMFnq1H8wkVioctoH3TRha9Sz66lOxRwPK/qZj7HPiSveih9yAyh98gvqA==}

  resolve-pkg-maps@1.0.0:
    resolution: {integrity: sha512-seS2Tj26TBVOC2NIc2rOe2y2ZO7efxITtLZcGSOnHHNOQ7CkiUBfw0Iw2ck6xkIhPwLhKNLS8BO+hEpngQlqzw==}

  rolldown-plugin-dts@0.28.6:
    resolution: {integrity: sha512-qKrFtBfRfR2hP233m7Ic9zf3wv6MSYdZghWKMdEO6dRYZGlNfINJAa1P5ZVvyHh3mrcd7IJQvIY8L9vnm+v5rQ==}
    engines: {node: ^22.18.0 || ^24.11.0 || >=26.0.0}
    peerDependencies:
      '@typescript/native-preview': '*'
      '@volar/typescript': ~2.4.0
      '@vue/language-core': ~3.2.0 || ~3.3.0
      rolldown: ^1.2.0
      typescript: ^5.0.0 || ^6.0.0 || ~7.0.0
      vue-tsc: ~3.2.0 || ~3.3.0
    peerDependenciesMeta:
      '@typescript/native-preview':
        optional: true
      '@volar/typescript':
        optional: true
      '@vue/language-core':
        optional: true
      typescript:
        optional: true
      vue-tsc:
        optional: true

  rolldown@1.2.12:
    resolution: {integrity: sha512-8wafseiaG80xmXSfqidUNqZcylTlhmPZZt+za2m+js2sFZ8dTNlhIOV2WcbIPx2hgwPBJpEUGFAMZ9bgBBLTSQ==}
    engines: {node: ^20.19.0 || >=22.12.0}
    hasBin: true

  tinyexec@1.3.1:
    resolution: {integrity: sha512-GCvB3aoys96IuDFBMcTB46JOR6mdMtAToqwiW8JlWhsoh1mhHi/xn9ss/Dg7N555GiJyEt2qzoG/NHCwM6h1EA==}
    engines: {node: '>=18'}

  tinyglobby@0.2.17:
    resolution: {integrity: sha512-wXR/dYpcqKmfWpEdZjiKJOwCNFndD0DMnrW/cYjVGttEkBfVgcLFHoNrlj47mjOVic9yyNu65alsgF4NQyTa2g==}
    engines: {node: '>=12.0.0'}

  tree-kill@1.2.2:
    resolution: {integrity: sha512-L0Orpi8qGpRG//Nd+H90vFB+3iHnue1zSSGmNOOCh1GLJ7rUKVwV2HvijphGQS2UmhUZewS9VgvxYIdgr+fG1A==}
    hasBin: true

  tsdown@0.23.0:
    resolution: {integrity: sha512-BaT+ep1xnj5hdyICLd5r5SYYE+TXnI1ATePLykv9vcKpHpFTWUWRH+x1AF/E2qcu3YB6+vI8IdyxIIIffEqw5Q==}
    engines: {node: ^22.18.0 || ^24.11.0 || >=26.0.0}
    hasBin: true
    peerDependencies:
      '@arethetypeswrong/core': ^0.18.1
      '@tsdown/css': 0.23.0
      '@tsdown/exe': 0.23.0
      '@vitejs/devtools': '*'
      publint: ^0.3.8
      tsx: '*'
      typescript: ^5.0.0 || ^6.0.0 || ^7.0.0
      unplugin-unused: '>=0.5.0'
      unrun: '*'
    peerDependenciesMeta:
      '@arethetypeswrong/core':
        optional: true
      '@tsdown/css':
        optional: true
      '@tsdown/exe':
        optional: true
      '@vitejs/devtools':
        optional: true
      publint:
        optional: true
      tsx:
        optional: true
      typescript:
        optional: true
      unplugin-unused:
        optional: true
      unrun:
        optional: true

  typescript@5.9.3:
    resolution: {integrity: sha512-jl1vZzPDinLr9eUt3J/t7V6FgNEw9QjvBPdysz9KfQDD41fQrC2Y4vKQdiaUpFT4bXlb1RHhLpp8wtm6M5TgSw==}
    engines: {node: '>=14.17'}
    hasBin: true

  unconfig-core@7.5.0:
    resolution: {integrity: sha512-Su3FauozOGP44ZmKdHy2oE6LPjk51M/TRRjHv2HNCWiDvfvCoxC2lno6jevMA91MYAdCdwP05QnWdWpSbncX/w==}

  verkit@0.4.1:
    resolution: {integrity: sha512-mMVzj0TXExtVdlDEq+Mzp0eyOuyznNpFobNM3uAqe3HVm/Ps2c+u17BligMkZjZCA6EiXpoon8iRTer3iu40SQ==}
    engines: {node: '>=18.12.0'}

  yuku-ast@0.10.2:
    resolution: {integrity: sha512-UnG9mA6giglCvSErft2/40TVFX750Sj1xgwddPLpG7J7rlr/P1wPADg9G2RK+d/1tNLtRVoLdMMOMVBB9561TQ==}

  yuku-codegen@0.10.2:
    resolution: {integrity: sha512-hentl2dtrF6cPjiAirtkfxfFZBA6Hdm61UqRJ7cA0qrlDNMk9PZGOjw5w1mx3E0hu/6pHcJF4dJW+D0SXHPZOA==}

  yuku-parser@0.10.2:
    resolution: {integrity: sha512-CgaU0/PPjCAIEZ3WQroosOxTY3eeKldAN3h+vk8pMNz4+jl1CZzBR4pW+K/rRPF112VooCL5FdjJoiMNjDrL2A==}

snapshots:

  '@oxc-project/types@0.152.0': {}

  '@quansync/fs@1.1.0':
    dependencies:
      quansync: 1.0.0

  '@rolldown/binding-android-arm-eabi@1.2.12':
    optional: true

  '@rolldown/binding-android-arm64@1.2.12':
    optional: true

  '@rolldown/binding-darwin-arm64@1.2.12':
    optional: true

  '@rolldown/binding-darwin-x64@1.2.12':
    optional: true

  '@rolldown/binding-freebsd-x64@1.2.12':
    optional: true

  '@rolldown/binding-linux-arm-gnueabihf@1.2.12':
    optional: true

  '@rolldown/binding-linux-arm64-gnu@1.2.12':
    optional: true

  '@rolldown/binding-linux-arm64-musl@1.2.12':
    optional: true

  '@rolldown/binding-linux-ppc64-gnu@1.2.12':
    optional: true

  '@rolldown/binding-linux-s390x-gnu@1.2.12':
    optional: true

  '@rolldown/binding-linux-x64-gnu@1.2.12':
    optional: true

  '@rolldown/binding-linux-x64-musl@1.2.12':
    optional: true

  '@rolldown/binding-openharmony-arm64@1.2.12':
    optional: true

  '@rolldown/binding-win32-arm64-msvc@1.2.12':
    optional: true

  '@rolldown/binding-win32-x64-msvc@1.2.12':
    optional: true

  '@rolldown/pluginutils@1.0.1': {}

  '@yuku-codegen/binding-android-arm64@0.10.2':
    optional: true

  '@yuku-codegen/binding-darwin-arm64@0.10.2':
    optional: true

  '@yuku-codegen/binding-darwin-x64@0.10.2':
    optional: true

  '@yuku-codegen/binding-freebsd-x64@0.10.2':
    optional: true

  '@yuku-codegen/binding-linux-arm-gnu@0.10.2':
    optional: true

  '@yuku-codegen/binding-linux-arm-musl@0.10.2':
    optional: true

  '@yuku-codegen/binding-linux-arm64-gnu@0.10.2':
    optional: true

  '@yuku-codegen/binding-linux-arm64-musl@0.10.2':
    optional: true

  '@yuku-codegen/binding-linux-x64-gnu@0.10.2':
    optional: true

  '@yuku-codegen/binding-linux-x64-musl@0.10.2':
    optional: true

  '@yuku-codegen/binding-win32-arm64@0.10.2':
    optional: true

  '@yuku-codegen/binding-win32-x64@0.10.2':
    optional: true

  '@yuku-parser/binding-android-arm64@0.10.2':
    optional: true

  '@yuku-parser/binding-darwin-arm64@0.10.2':
    optional: true

  '@yuku-parser/binding-darwin-x64@0.10.2':
    optional: true

  '@yuku-parser/binding-freebsd-x64@0.10.2':
    optional: true

  '@yuku-parser/binding-linux-arm-gnu@0.10.2':
    optional: true

  '@yuku-parser/binding-linux-arm-musl@0.10.2':
    optional: true

  '@yuku-parser/binding-linux-arm64-gnu@0.10.2':
    optional: true

  '@yuku-parser/binding-linux-arm64-musl@0.10.2':
    optional: true

  '@yuku-parser/binding-linux-x64-gnu@0.10.2':
    optional: true

  '@yuku-parser/binding-linux-x64-musl@0.10.2':
    optional: true

  '@yuku-parser/binding-win32-arm64@0.10.2':
    optional: true

  '@yuku-parser/binding-win32-x64@0.10.2':
    optional: true

  '@yuku-toolchain/types@0.10.2': {}

  cac@7.0.0: {}

  defu@6.1.7: {}

  dts-resolver@3.0.0: {}

  empathic@2.1.0: {}

  fdir@6.5.0(picomatch@4.0.7):
    optionalDependencies:
      picomatch: 4.0.7

  get-tsconfig@5.0.0-beta.6:
    dependencies:
      resolve-pkg-maps: 1.0.0

  hookable@6.1.2: {}

  import-without-cache@0.4.1: {}

  obug@2.2.1: {}

  obug@3.0.0: {}

  picomatch@4.0.7: {}

  quansync@1.0.0: {}

  resolve-pkg-maps@1.0.0: {}

  rolldown-plugin-dts@0.28.6(rolldown@1.2.12)(typescript@5.9.3):
    dependencies:
      dts-resolver: 3.0.0
      get-tsconfig: 5.0.0-beta.6
      obug: 3.0.0
      rolldown: 1.2.12
      yuku-ast: 0.10.2
      yuku-codegen: 0.10.2
      yuku-parser: 0.10.2
    optionalDependencies:
      typescript: 5.9.3
    transitivePeerDependencies:
      - oxc-resolver

  rolldown@1.2.12:
    dependencies:
      '@oxc-project/types': 0.152.0
      '@rolldown/pluginutils': 1.0.1
    optionalDependencies:
      '@rolldown/binding-android-arm-eabi': 1.2.12
      '@rolldown/binding-android-arm64': 1.2.12
      '@rolldown/binding-darwin-arm64': 1.2.12
      '@rolldown/binding-darwin-x64': 1.2.12
      '@rolldown/binding-freebsd-x64': 1.2.12
      '@rolldown/binding-linux-arm-gnueabihf': 1.2.12
      '@rolldown/binding-linux-arm64-gnu': 1.2.12
      '@rolldown/binding-linux-arm64-musl': 1.2.12
      '@rolldown/binding-linux-ppc64-gnu': 1.2.12
      '@rolldown/binding-linux-s390x-gnu': 1.2.12
      '@rolldown/binding-linux-x64-gnu': 1.2.12
      '@rolldown/binding-linux-x64-musl': 1.2.12
      '@rolldown/binding-openharmony-arm64': 1.2.12
      '@rolldown/binding-win32-arm64-msvc': 1.2.12
      '@rolldown/binding-win32-x64-msvc': 1.2.12

  tinyexec@1.3.1: {}

  tinyglobby@0.2.17:
    dependencies:
      fdir: 6.5.0(picomatch@4.0.7)
      picomatch: 4.0.7

  tree-kill@1.2.2: {}

  tsdown@0.23.0(typescript@5.9.3):
    dependencies:
      cac: 7.0.0
      defu: 6.1.7
      empathic: 2.1.0
      hookable: 6.1.2
      import-without-cache: 0.4.1
      obug: 2.2.1
      picomatch: 4.0.7
      rolldown: 1.2.12
      rolldown-plugin-dts: 0.28.6(rolldown@1.2.12)(typescript@5.9.3)
      tinyexec: 1.3.1
      tinyglobby: 0.2.17
      tree-kill: 1.2.2
      unconfig-core: 7.5.0
      verkit: 0.4.1
    optionalDependencies:
      typescript: 5.9.3
    transitivePeerDependencies:
      - '@typescript/native-preview'
      - '@volar/typescript'
      - '@vue/language-core'
      - oxc-resolver
      - vue-tsc

  typescript@5.9.3: {}

  unconfig-core@7.5.0:
    dependencies:
      '@quansync/fs': 1.1.0
      quansync: 1.0.0

  verkit@0.4.1: {}

  yuku-ast@0.10.2:
    dependencies:
      '@yuku-toolchain/types': 0.10.2

  yuku-codegen@0.10.2:
    dependencies:
      '@yuku-toolchain/types': 0.10.2
    optionalDependencies:
      '@yuku-codegen/binding-android-arm64': 0.10.2
      '@yuku-codegen/binding-darwin-arm64': 0.10.2
      '@yuku-codegen/binding-darwin-x64': 0.10.2
      '@yuku-codegen/binding-freebsd-x64': 0.10.2
      '@yuku-codegen/binding-linux-arm-gnu': 0.10.2
      '@yuku-codegen/binding-linux-arm-musl': 0.10.2
      '@yuku-codegen/binding-linux-arm64-gnu': 0.10.2
      '@yuku-codegen/binding-linux-arm64-musl': 0.10.2
      '@yuku-codegen/binding-linux-x64-gnu': 0.10.2
      '@yuku-codegen/binding-linux-x64-musl': 0.10.2
      '@yuku-codegen/binding-win32-arm64': 0.10.2
      '@yuku-codegen/binding-win32-x64': 0.10.2

  yuku-parser@0.10.2:
    dependencies:
      '@yuku-toolchain/types': 0.10.2
      yuku-ast: 0.10.2
    optionalDependencies:
      '@yuku-parser/binding-android-arm64': 0.10.2
      '@yuku-parser/binding-darwin-arm64': 0.10.2
      '@yuku-parser/binding-darwin-x64': 0.10.2
      '@yuku-parser/binding-freebsd-x64': 0.10.2
      '@yuku-parser/binding-linux-arm-gnu': 0.10.2
      '@yuku-parser/binding-linux-arm-musl': 0.10.2
      '@yuku-parser/binding-linux-arm64-gnu': 0.10.2
      '@yuku-parser/binding-linux-arm64-musl': 0.10.2
      '@yuku-parser/binding-linux-x64-gnu': 0.10.2
      '@yuku-parser/binding-linux-x64-musl': 0.10.2
      '@yuku-parser/binding-win32-arm64': 0.10.2
      '@yuku-parser/binding-win32-x64': 0.10.2
